
Microsoft Visual Studio Solution File, Format Version 12.00
# Visual Studio 14
VisualStudioVersion = 14.0.25123.0
MinimumVisualStudioVersion = 10.0.40219.1
Project("{FAE04EC0-301F-11D3-BF4B-00C04F79EFBC}") = "Suppliers.Business", "Suppliers.Business\Suppliers.Business.csproj", "{DF7A2565-27A8-40C0-8BEE-EC77D70CB1B2}"
EndProject
Project("{FAE04EC0-301F-11D3-BF4B-00C04F79EFBC}") = "Suppliers.Business.Tests", "Suppliers.Business.Tests\Suppliers.Business.Tests.csproj", "{0AF54197-DC56-42F4-AB4E-46F5473FCBED}"
EndProject
Project("{2150E333-8FDC-42A3-9474-1A3956D46DE8}") = "business", "business", "{2193DE40-4B0C-4CD4-854A-1D3D8126A02F}"
EndProject
Project("{2150E333-8FDC-42A3-9474-1A3956D46DE8}") = "tests", "tests", "{4AFD812F-E6E0-464E-9CBE-900B5CFD8FE8}"
EndProject
Project("{2150E333-8FDC-42A3-9474-1A3956D46DE8}") = "presentation", "presentation", "{4244DC1C-62DE-469E-BD73-BE1D4124BF2F}"
EndProject
Project("{2150E333-8FDC-42A3-9474-1A3956D46DE8}") = "dal", "dal", "{DAA815A6-6F21-436A-8B41-E291E9226383}"
EndProject
Project("{FAE04EC0-301F-11D3-BF4B-00C04F79EFBC}") = "Suppliers.EF", "Suppliers.EF\Suppliers.EF.csproj", "{5F123345-FB40-44CA-A5E5-C692B24BB87A}"
EndProject
Project("{FAE04EC0-301F-11D3-BF4B-00C04F79EFBC}") = "Suppliers.EF.Tests", "Suppliers.EF.Tests\Suppliers.EF.Tests.csproj", "{43EEB0F0-1AF5-4A84-A1FE-077D338DCDA2}"
EndProject
Project("{FAE04EC0-301F-11D3-BF4B-00C04F79EFBC}") = "Suppliers.Web", "Suppliers.Web\Suppliers.Web.csproj", "{D10FEA60-87AC-400C-9181-DBD5C1F3CAF7}"
EndProject
Global
	GlobalSection(SolutionConfigurationPlatforms) = preSolution
		Debug|Any CPU = Debug|Any CPU
		Release|Any CPU = Release|Any CPU
	EndGlobalSection
	GlobalSection(ProjectConfigurationPlatforms) = postSolution
		{DF7A2565-27A8-40C0-8BEE-EC77D70CB1B2}.Debug|Any CPU.ActiveCfg = Debug|Any CPU
		{DF7A2565-27A8-40C0-8BEE-EC77D70CB1B2}.Debug|Any CPU.Build.0 = Debug|Any CPU
		{DF7A2565-27A8-40C0-8BEE-EC77D70CB1B2}.Release|Any CPU.ActiveCfg = Release|Any CPU
		{DF7A2565-27A8-40C0-8BEE-EC77D70CB1B2}.Release|Any CPU.Build.0 = Release|Any CPU
		{0AF54197-DC56-42F4-AB4E-46F5473FCBED}.Debug|Any CPU.ActiveCfg = Debug|Any CPU
		{0AF54197-DC56-42F4-AB4E-46F5473FCBED}.Debug|Any CPU.Build.0 = Debug|Any CPU
		{0AF54197-DC56-42F4-AB4E-46F5473FCBED}.Release|Any CPU.ActiveCfg = Release|Any CPU
		{0AF54197-DC56-42F4-AB4E-46F5473FCBED}.Release|Any CPU.Build.0 = Release|Any CPU
		{5F123345-FB40-44CA-A5E5-C692B24BB87A}.Debug|Any CPU.ActiveCfg = Debug|Any CPU
		{5F123345-FB40-44CA-A5E5-C692B24BB87A}.Debug|Any CPU.Build.0 = Debug|Any CPU
		{5F123345-FB40-44CA-A5E5-C692B24BB87A}.Release|Any CPU.ActiveCfg = Release|Any CPU
		{5F123345-FB40-44CA-A5E5-C692B24BB87A}.Release|Any CPU.Build.0 = Release|Any CPU
		{43EEB0F0-1AF5-4A84-A1FE-077D338DCDA2}.Debug|Any CPU.ActiveCfg = Debug|Any CPU
		{43EEB0F0-1AF5-4A84-A1FE-077D338DCDA2}.Debug|Any CPU.Build.0 = Debug|Any CPU
		{43EEB0F0-1AF5-4A84-A1FE-077D338DCDA2}.Release|Any CPU.ActiveCfg = Release|Any CPU
		{43EEB0F0-1AF5-4A84-A1FE-077D338DCDA2}.Release|Any CPU.Build.0 = Release|Any CPU
		{D10FEA60-87AC-400C-9181-DBD5C1F3CAF7}.Debug|Any CPU.ActiveCfg = Debug|Any CPU
		{D10FEA60-87AC-400C-9181-DBD5C1F3CAF7}.Debug|Any CPU.Build.0 = Debug|Any CPU
		{D10FEA60-87AC-400C-9181-DBD5C1F3CAF7}.Release|Any CPU.ActiveCfg = Release|Any CPU
		{D10FEA60-87AC-400C-9181-DBD5C1F3CAF7}.Release|Any CPU.Build.0 = Release|Any CPU
	EndGlobalSection
	GlobalSection(SolutionProperties) = preSolution
		HideSolutionNode = FALSE
	EndGlobalSection
	GlobalSection(NestedProjects) = preSolution
		{DF7A2565-27A8-40C0-8BEE-EC77D70CB1B2} = {2193DE40-4B0C-4CD4-854A-1D3D8126A02F}
		{0AF54197-DC56-42F4-AB4E-46F5473FCBED} = {4AFD812F-E6E0-464E-9CBE-900B5CFD8FE8}
		{5F123345-FB40-44CA-A5E5-C692B24BB87A} = {DAA815A6-6F21-436A-8B41-E291E9226383}
		{43EEB0F0-1AF5-4A84-A1FE-077D338DCDA2} = {4AFD812F-E6E0-464E-9CBE-900B5CFD8FE8}
		{D10FEA60-87AC-400C-9181-DBD5C1F3CAF7} = {4244DC1C-62DE-469E-BD73-BE1D4124BF2F}
	EndGlobalSection
EndGlobal
