
Microsoft Visual Studio Solution File, Format Version 12.00
# Visual Studio 14
VisualStudioVersion = 14.0.25123.0
MinimumVisualStudioVersion = 10.0.40219.1
Project("{FAE04EC0-301F-11D3-BF4B-00C04F79EFBC}") = "Suppliers.Business", "Suppliers.Business\Suppliers.Business.csproj", "{DF7A2565-27A8-40C0-8BEE-EC77D70CB1B2}"
EndProject
Project("{FAE04EC0-301F-11D3-BF4B-00C04F79EFBC}") = "Suppliers.Business.Tests", "Suppliers.Business.Tests\Suppliers.Business.Tests.csproj", "{0AF54197-DC56-42F4-AB4E-46F5473FCBED}"
EndProject
Project("{2150E333-8FDC-42A3-9474-1A3956D46DE8}") = "tests", "tests", "{4AFD812F-E6E0-464E-9CBE-900B5CFD8FE8}"
EndProject
Project("{FAE04EC0-301F-11D3-BF4B-00C04F79EFBC}") = "Suppliers.DataAccess", "Suppliers.DataAccess\Suppliers.DataAccess.csproj", "{5F123345-FB40-44CA-A5E5-C692B24BB87A}"
EndProject
Project("{FAE04EC0-301F-11D3-BF4B-00C04F79EFBC}") = "Suppliers.DataAccess.Tests", "Suppliers.DataAccess.Tests\Suppliers.DataAccess.Tests.csproj", "{43EEB0F0-1AF5-4A84-A1FE-077D338DCDA2}"
EndProject
Project("{FAE04EC0-301F-11D3-BF4B-00C04F79EFBC}") = "Suppliers.Web", "Suppliers.Web\Suppliers.Web.csproj", "{D10FEA60-87AC-400C-9181-DBD5C1F3CAF7}"
EndProject
Project("{FAE04EC0-301F-11D3-BF4B-00C04F79EFBC}") = "Suppliers.CompositionRoot", "Suppliers.CompositionRoot\Suppliers.CompositionRoot.csproj", "{A673409E-B7C0-426B-93BF-F6045C195866}"
EndProject
Project("{2150E333-8FDC-42A3-9474-1A3956D46DE8}") = "code", "code", "{E0F5030A-16C0-4E84-8ADD-E5F30E86BD65}"
EndProject
Project("{FAE04EC0-301F-11D3-BF4B-00C04F79EFBC}") = "Suppliers.IntegrationTests", "Suppliers.IntegrationTests\Suppliers.IntegrationTests.csproj", "{2ECEFE5F-A72A-488D-8F66-1A6290FFD578}"
EndProject
Global
	GlobalSection(SolutionConfigurationPlatforms) = preSolution
		Debug|Any CPU = Debug|Any CPU
		Release|Any CPU = Release|Any CPU
	EndGlobalSection
	GlobalSection(ProjectConfigurationPlatforms) = postSolution
		{DF7A2565-27A8-40C0-8BEE-EC77D70CB1B2}.Debug|Any CPU.ActiveCfg = Debug|Any CPU
		{DF7A2565-27A8-40C0-8BEE-EC77D70CB1B2}.Debug|Any CPU.Build.0 = Debug|Any CPU
		{DF7A2565-27A8-40C0-8BEE-EC77D70CB1B2}.Release|Any CPU.ActiveCfg = Release|Any CPU
		{DF7A2565-27A8-40C0-8BEE-EC77D70CB1B2}.Release|Any CPU.Build.0 = Release|Any CPU
		{0AF54197-DC56-42F4-AB4E-46F5473FCBED}.Debug|Any CPU.ActiveCfg = Debug|Any CPU
		{0AF54197-DC56-42F4-AB4E-46F5473FCBED}.Debug|Any CPU.Build.0 = Debug|Any CPU
		{0AF54197-DC56-42F4-AB4E-46F5473FCBED}.Release|Any CPU.ActiveCfg = Release|Any CPU
		{0AF54197-DC56-42F4-AB4E-46F5473FCBED}.Release|Any CPU.Build.0 = Release|Any CPU
		{5F123345-FB40-44CA-A5E5-C692B24BB87A}.Debug|Any CPU.ActiveCfg = Debug|Any CPU
		{5F123345-FB40-44CA-A5E5-C692B24BB87A}.Debug|Any CPU.Build.0 = Debug|Any CPU
		{5F123345-FB40-44CA-A5E5-C692B24BB87A}.Release|Any CPU.ActiveCfg = Release|Any CPU
		{5F123345-FB40-44CA-A5E5-C692B24BB87A}.Release|Any CPU.Build.0 = Release|Any CPU
		{43EEB0F0-1AF5-4A84-A1FE-077D338DCDA2}.Debug|Any CPU.ActiveCfg = Debug|Any CPU
		{43EEB0F0-1AF5-4A84-A1FE-077D338DCDA2}.Debug|Any CPU.Build.0 = Debug|Any CPU
		{43EEB0F0-1AF5-4A84-A1FE-077D338DCDA2}.Release|Any CPU.ActiveCfg = Release|Any CPU
		{43EEB0F0-1AF5-4A84-A1FE-077D338DCDA2}.Release|Any CPU.Build.0 = Release|Any CPU
		{D10FEA60-87AC-400C-9181-DBD5C1F3CAF7}.Debug|Any CPU.ActiveCfg = Debug|Any CPU
		{D10FEA60-87AC-400C-9181-DBD5C1F3CAF7}.Debug|Any CPU.Build.0 = Debug|Any CPU
		{D10FEA60-87AC-400C-9181-DBD5C1F3CAF7}.Release|Any CPU.ActiveCfg = Release|Any CPU
		{D10FEA60-87AC-400C-9181-DBD5C1F3CAF7}.Release|Any CPU.Build.0 = Release|Any CPU
		{A673409E-B7C0-426B-93BF-F6045C195866}.Debug|Any CPU.ActiveCfg = Debug|Any CPU
		{A673409E-B7C0-426B-93BF-F6045C195866}.Debug|Any CPU.Build.0 = Debug|Any CPU
		{A673409E-B7C0-426B-93BF-F6045C195866}.Release|Any CPU.ActiveCfg = Release|Any CPU
		{A673409E-B7C0-426B-93BF-F6045C195866}.Release|Any CPU.Build.0 = Release|Any CPU
		{2ECEFE5F-A72A-488D-8F66-1A6290FFD578}.Debug|Any CPU.ActiveCfg = Debug|Any CPU
		{2ECEFE5F-A72A-488D-8F66-1A6290FFD578}.Debug|Any CPU.Build.0 = Debug|Any CPU
		{2ECEFE5F-A72A-488D-8F66-1A6290FFD578}.Release|Any CPU.ActiveCfg = Release|Any CPU
		{2ECEFE5F-A72A-488D-8F66-1A6290FFD578}.Release|Any CPU.Build.0 = Release|Any CPU
	EndGlobalSection
	GlobalSection(SolutionProperties) = preSolution
		HideSolutionNode = FALSE
	EndGlobalSection
	GlobalSection(NestedProjects) = preSolution
		{DF7A2565-27A8-40C0-8BEE-EC77D70CB1B2} = {E0F5030A-16C0-4E84-8ADD-E5F30E86BD65}
		{0AF54197-DC56-42F4-AB4E-46F5473FCBED} = {4AFD812F-E6E0-464E-9CBE-900B5CFD8FE8}
		{5F123345-FB40-44CA-A5E5-C692B24BB87A} = {E0F5030A-16C0-4E84-8ADD-E5F30E86BD65}
		{43EEB0F0-1AF5-4A84-A1FE-077D338DCDA2} = {4AFD812F-E6E0-464E-9CBE-900B5CFD8FE8}
		{D10FEA60-87AC-400C-9181-DBD5C1F3CAF7} = {E0F5030A-16C0-4E84-8ADD-E5F30E86BD65}
		{A673409E-B7C0-426B-93BF-F6045C195866} = {E0F5030A-16C0-4E84-8ADD-E5F30E86BD65}
		{2ECEFE5F-A72A-488D-8F66-1A6290FFD578} = {4AFD812F-E6E0-464E-9CBE-900B5CFD8FE8}
	EndGlobalSection
EndGlobal
